
Microsoft Visual Studio Solution File, Format Version 12.00
# Visual Studio Version 17
VisualStudioVersion = 17.2.32616.157
MinimumVisualStudioVersion = 10.0.40219.1
Project("{9A19103F-16F7-4668-BE54-9A1E7A4F7556}") = "Task_14_1_4", "Task_14_1_4\Task_14_1_4.csproj", "{CA6E2F4F-3FD5-4AFC-925C-B4A9A40566A3}"
EndProject
Project("{9A19103F-16F7-4668-BE54-9A1E7A4F7556}") = "Task_14_1_4_1", "Task_14_1_4_1\Task_14_1_4_1.csproj", "{E216B6DE-C04F-4D38-BBCF-BDF42BE89F3A}"
EndProject
Project("{9A19103F-16F7-4668-BE54-9A1E7A4F7556}") = "Task_14_1_8", "Task_14_1_8\Task_14_1_8.csproj", "{C1E72C13-2D53-447B-9547-4BC6A6B585FF}"
EndProject
Project("{9A19103F-16F7-4668-BE54-9A1E7A4F7556}") = "Task_14_1_1", "Task_14_1_1\Task_14_1_1.csproj", "{146D5E3F-DF8A-4BEA-AED4-C951FE72FC26}"
EndProject
Project("{9A19103F-16F7-4668-BE54-9A1E7A4F7556}") = "Task_14_1_2", "Task_14_1_2\Task_14_1_2.csproj", "{E2E7CCB8-8E8E-48A3-B841-113E665B6297}"
EndProject
Project("{9A19103F-16F7-4668-BE54-9A1E7A4F7556}") = "Task_14_1_6", "Task_14_1_6\Task_14_1_6.csproj", "{8CC633A0-DA86-4B6D-9A3C-903BEF10704D}"
EndProject
Project("{9A19103F-16F7-4668-BE54-9A1E7A4F7556}") = "Task_14_2_1", "Task_14_2_1\Task_14_2_1.csproj", "{1E5B91C1-FD03-4C2C-AB29-FFDF4A01585E}"
EndProject
Project("{9A19103F-16F7-4668-BE54-9A1E7A4F7556}") = "Task_14_2_3", "Task_14_2_3\Task_14_2_3.csproj", "{59FB2CE7-5AA3-4E51-8442-260436E454E1}"
EndProject
Project("{9A19103F-16F7-4668-BE54-9A1E7A4F7556}") = "Task_14_2_4", "Task_14_2_4\Task_14_2_4.csproj", "{5B483517-0624-4134-B47D-233DBC000375}"
EndProject
Project("{9A19103F-16F7-4668-BE54-9A1E7A4F7556}") = "Task_14_2_5", "Task_14_2_5\Task_14_2_5.csproj", "{27B1CA5B-62F0-45C2-BF29-5DBF7589D4F4}"
EndProject
Project("{9A19103F-16F7-4668-BE54-9A1E7A4F7556}") = "Task_14_2_6", "Task_14_2_6\Task_14_2_6.csproj", "{631E288D-6202-48E3-8899-B667B4265093}"
EndProject
Project("{9A19103F-16F7-4668-BE54-9A1E7A4F7556}") = "Task_14_2_10", "Task_14_2_10\Task_14_2_10.csproj", "{C3537394-F3A0-45A4-83E2-DBB11C5F3405}"
EndProject
Project("{FAE04EC0-301F-11D3-BF4B-00C04F79EFBC}") = "Task_14_3_3", "Task_14_3_3\Task_14_3_3.csproj", "{E17CC152-DFFA-4CD3-B768-4D5D5F93E898}"
EndProject
Global
	GlobalSection(SolutionConfigurationPlatforms) = preSolution
		Debug|Any CPU = Debug|Any CPU
		Release|Any CPU = Release|Any CPU
	EndGlobalSection
	GlobalSection(ProjectConfigurationPlatforms) = postSolution
		{CA6E2F4F-3FD5-4AFC-925C-B4A9A40566A3}.Debug|Any CPU.ActiveCfg = Debug|Any CPU
		{CA6E2F4F-3FD5-4AFC-925C-B4A9A40566A3}.Debug|Any CPU.Build.0 = Debug|Any CPU
		{CA6E2F4F-3FD5-4AFC-925C-B4A9A40566A3}.Release|Any CPU.ActiveCfg = Release|Any CPU
		{CA6E2F4F-3FD5-4AFC-925C-B4A9A40566A3}.Release|Any CPU.Build.0 = Release|Any CPU
		{E216B6DE-C04F-4D38-BBCF-BDF42BE89F3A}.Debug|Any CPU.ActiveCfg = Debug|Any CPU
		{E216B6DE-C04F-4D38-BBCF-BDF42BE89F3A}.Debug|Any CPU.Build.0 = Debug|Any CPU
		{E216B6DE-C04F-4D38-BBCF-BDF42BE89F3A}.Release|Any CPU.ActiveCfg = Release|Any CPU
		{E216B6DE-C04F-4D38-BBCF-BDF42BE89F3A}.Release|Any CPU.Build.0 = Release|Any CPU
		{C1E72C13-2D53-447B-9547-4BC6A6B585FF}.Debug|Any CPU.ActiveCfg = Debug|Any CPU
		{C1E72C13-2D53-447B-9547-4BC6A6B585FF}.Debug|Any CPU.Build.0 = Debug|Any CPU
		{C1E72C13-2D53-447B-9547-4BC6A6B585FF}.Release|Any CPU.ActiveCfg = Release|Any CPU
		{C1E72C13-2D53-447B-9547-4BC6A6B585FF}.Release|Any CPU.Build.0 = Release|Any CPU
		{146D5E3F-DF8A-4BEA-AED4-C951FE72FC26}.Debug|Any CPU.ActiveCfg = Debug|Any CPU
		{146D5E3F-DF8A-4BEA-AED4-C951FE72FC26}.Debug|Any CPU.Build.0 = Debug|Any CPU
		{146D5E3F-DF8A-4BEA-AED4-C951FE72FC26}.Release|Any CPU.ActiveCfg = Release|Any CPU
		{146D5E3F-DF8A-4BEA-AED4-C951FE72FC26}.Release|Any CPU.Build.0 = Release|Any CPU
		{E2E7CCB8-8E8E-48A3-B841-113E665B6297}.Debug|Any CPU.ActiveCfg = Debug|Any CPU
		{E2E7CCB8-8E8E-48A3-B841-113E665B6297}.Debug|Any CPU.Build.0 = Debug|Any CPU
		{E2E7CCB8-8E8E-48A3-B841-113E665B6297}.Release|Any CPU.ActiveCfg = Release|Any CPU
		{E2E7CCB8-8E8E-48A3-B841-113E665B6297}.Release|Any CPU.Build.0 = Release|Any CPU
		{8CC633A0-DA86-4B6D-9A3C-903BEF10704D}.Debug|Any CPU.ActiveCfg = Debug|Any CPU
		{8CC633A0-DA86-4B6D-9A3C-903BEF10704D}.Debug|Any CPU.Build.0 = Debug|Any CPU
		{8CC633A0-DA86-4B6D-9A3C-903BEF10704D}.Release|Any CPU.ActiveCfg = Release|Any CPU
		{8CC633A0-DA86-4B6D-9A3C-903BEF10704D}.Release|Any CPU.Build.0 = Release|Any CPU
		{1E5B91C1-FD03-4C2C-AB29-FFDF4A01585E}.Debug|Any CPU.ActiveCfg = Debug|Any CPU
		{1E5B91C1-FD03-4C2C-AB29-FFDF4A01585E}.Debug|Any CPU.Build.0 = Debug|Any CPU
		{1E5B91C1-FD03-4C2C-AB29-FFDF4A01585E}.Release|Any CPU.ActiveCfg = Release|Any CPU
		{1E5B91C1-FD03-4C2C-AB29-FFDF4A01585E}.Release|Any CPU.Build.0 = Release|Any CPU
		{59FB2CE7-5AA3-4E51-8442-260436E454E1}.Debug|Any CPU.ActiveCfg = Debug|Any CPU
		{59FB2CE7-5AA3-4E51-8442-260436E454E1}.Debug|Any CPU.Build.0 = Debug|Any CPU
		{59FB2CE7-5AA3-4E51-8442-260436E454E1}.Release|Any CPU.ActiveCfg = Release|Any CPU
		{59FB2CE7-5AA3-4E51-8442-260436E454E1}.Release|Any CPU.Build.0 = Release|Any CPU
		{5B483517-0624-4134-B47D-233DBC000375}.Debug|Any CPU.ActiveCfg = Debug|Any CPU
		{5B483517-0624-4134-B47D-233DBC000375}.Debug|Any CPU.Build.0 = Debug|Any CPU
		{5B483517-0624-4134-B47D-233DBC000375}.Release|Any CPU.ActiveCfg = Release|Any CPU
		{5B483517-0624-4134-B47D-233DBC000375}.Release|Any CPU.Build.0 = Release|Any CPU
		{27B1CA5B-62F0-45C2-BF29-5DBF7589D4F4}.Debug|Any CPU.ActiveCfg = Debug|Any CPU
		{27B1CA5B-62F0-45C2-BF29-5DBF7589D4F4}.Debug|Any CPU.Build.0 = Debug|Any CPU
		{27B1CA5B-62F0-45C2-BF29-5DBF7589D4F4}.Release|Any CPU.ActiveCfg = Release|Any CPU
		{27B1CA5B-62F0-45C2-BF29-5DBF7589D4F4}.Release|Any CPU.Build.0 = Release|Any CPU
		{631E288D-6202-48E3-8899-B667B4265093}.Debug|Any CPU.ActiveCfg = Debug|Any CPU
		{631E288D-6202-48E3-8899-B667B4265093}.Debug|Any CPU.Build.0 = Debug|Any CPU
		{631E288D-6202-48E3-8899-B667B4265093}.Release|Any CPU.ActiveCfg = Release|Any CPU
		{631E288D-6202-48E3-8899-B667B4265093}.Release|Any CPU.Build.0 = Release|Any CPU
		{C3537394-F3A0-45A4-83E2-DBB11C5F3405}.Debug|Any CPU.ActiveCfg = Debug|Any CPU
		{C3537394-F3A0-45A4-83E2-DBB11C5F3405}.Debug|Any CPU.Build.0 = Debug|Any CPU
		{C3537394-F3A0-45A4-83E2-DBB11C5F3405}.Release|Any CPU.ActiveCfg = Release|Any CPU
		{C3537394-F3A0-45A4-83E2-DBB11C5F3405}.Release|Any CPU.Build.0 = Release|Any CPU
		{E17CC152-DFFA-4CD3-B768-4D5D5F93E898}.Debug|Any CPU.ActiveCfg = Debug|Any CPU
		{E17CC152-DFFA-4CD3-B768-4D5D5F93E898}.Debug|Any CPU.Build.0 = Debug|Any CPU
		{E17CC152-DFFA-4CD3-B768-4D5D5F93E898}.Release|Any CPU.ActiveCfg = Release|Any CPU
		{E17CC152-DFFA-4CD3-B768-4D5D5F93E898}.Release|Any CPU.Build.0 = Release|Any CPU
	EndGlobalSection
	GlobalSection(SolutionProperties) = preSolution
		HideSolutionNode = FALSE
	EndGlobalSection
	GlobalSection(ExtensibilityGlobals) = postSolution
		SolutionGuid = {08884C19-C807-4D53-93B2-CB7F3EEDAFFA}
	EndGlobalSection
EndGlobal
